hash: 9065f050a8e87468098f6df070622f57a29d2de83efebb67363efa781f612080
updated: 2016-10-07T10:39:12.797010091-04:00
imports:
- name: github.com/beorn7/perks
  version: 4c0e84591b9aa9e6dcfdf3e020114cd81f89d5f9
  subpackages:
  - quantile
- name: github.com/DavidHuie/gomigrate
  version: 4004e6142040f5d622e9d2be6e833a4652741571
- name: github.com/fullsailor/pkcs7
  version: 3befe47e6c80b97ab6863a5fe1b6a611003a5ab0
- name: github.com/garyburd/go-oauth
  version: 719b069913e1151a73ea30d2ea4f90deda3ce234
  subpackages:
  - oauth
- name: github.com/garyburd/redigo
  version: ffa8d46ada782d81cfda81a0fbd9f45ceae448e8
  subpackages:
  - internal
  - redis
- name: github.com/go-kit/kit
  version: f4b6110ad931c7b2915f65bace5081ec60e17d64
  vcs: git
  subpackages:
  - endpoint
  - log
  - metrics
  - metrics/prometheus
  - transport/http
- name: github.com/go-logfmt/logfmt
  version: d4327190ff838312623b09bfeb50d7c93c8d9c1d
- name: github.com/go-stack/stack
  version: 100eb0c0a9c5b306ca2fb4f165df21d80ada4b82
- name: github.com/golang/protobuf
  version: c3cefd437628a0b7d31b34fe44b3a7a540e98527
  subpackages:
  - proto
- name: github.com/gorilla/context
  version: 08b5f424b9271eedf6f9f0ce86cb9396ed337a42
- name: github.com/gorilla/mux
  version: 0b13a922203ebdbfd236c818efcd5ed46097d690
- name: github.com/groob/plist
  version: e9ca5cd129407b401d850bc3248338865a7490ae
- name: github.com/jmoiron/sqlx
  version: 05b81a7d5d38058e42148dc01f17daf4acba4640
  subpackages:
  - reflectx
- name: github.com/kr/logfmt
  version: b84e30acd515aadc4b783ad4ff83aff3299bdfe0
- name: github.com/lib/pq
  version: 50761b0867bd1d9d069276790bcd4a3bccf2324a
  subpackages:
  - oid
- name: github.com/matttproud/golang_protobuf_extensions
  version: c12348ce28de40eed0136aa2b644d0ee0650e56c
  subpackages:
  - pbutil
- name: github.com/micromdm/dep
  version: 38c81b11544f31c2be14e0b3bcfa12f656fcc709
- name: github.com/micromdm/mdm
  version: 1b3e0e090d7a4faa4b2e432a84d2eca04dbe2e95
- name: github.com/pkg/errors
  version: 17b591df37844cde689f4d5813e5cea0927d8dd2
- name: github.com/prometheus/client_golang
  version: c5b7fccd204277076155f10851dad72b76a49317
  subpackages:
  - prometheus
- name: github.com/prometheus/client_model
  version: fa8ad6fec33561be4280a8f0514318c79d7f6cb6
  subpackages:
  - go
- name: github.com/prometheus/common
  version: 9a94032291f2192936512bab367bc45e77990d6a
  subpackages:
  - expfmt
  - internal/bitbucket.org/ww/goautoneg
  - model
- name: github.com/prometheus/procfs
  version: abf152e5f3e97f2fafac028d2cc06c1feb87ffa5
- name: github.com/RobotsAndPencils/buford
  version: 2861f2a5612806afe88232539f5e4255d39ae544
  subpackages:
  - certificate
  - payload
  - payload/badge
  - push
- name: github.com/rs/cors
  version: a62a804a8a009876ca59105f7899938a1349f4b3
- name: github.com/rs/xhandler
  version: ed27b6fd65218132ee50cd95f38474a3d8a2cd12
- name: github.com/satori/go.uuid
  version: b061729afc07e77a8aa4fad0a2fd840958f1942a
- name: golang.org/x/crypto
  version: bc89c496413265e715159bdc8478ee9a92fdc265
  subpackages:
  - pkcs12
  - pkcs12/internal/rc2
- name: golang.org/x/net
  version: 4d38db76854b199960801a1734443fd02870d7e1
  subpackages:
  - context
  - context/ctxhttp
  - http2
  - http2/hpack
  - lex/httplex
testImports:
- name: gopkg.in/DATA-DOG/go-sqlmock.v1
  version: 9958e5c69de03e97ec215b23f6fcae1f600c3fb6
