hash: 2c6dcc1de105586b60c0208475697a0e23904ef4c1a51a947670c8f747a0f388
updated: 2016-11-11T18:51:11.117563-05:00
imports:
- name: github.com/beorn7/perks
  version: 4c0e84591b9aa9e6dcfdf3e020114cd81f89d5f9
  subpackages:
  - quantile
- name: github.com/boltdb/bolt
  version: 583e8937c61f1af6513608ccc75c97b6abdf4ff9
- name: github.com/DavidHuie/gomigrate
  version: 4004e6142040f5d622e9d2be6e833a4652741571
- name: github.com/fullsailor/pkcs7
  version: 3befe47e6c80b97ab6863a5fe1b6a611003a5ab0
- name: github.com/garyburd/go-oauth
  version: da8aea9e20eda8fcb5711f929539ba9a9ecf4fb9
  subpackages:
  - oauth
- name: github.com/garyburd/redigo
  version: 8873b2f1995f59d4bcdd2b0dc9858e2cb9bf0c13
  subpackages:
  - internal
  - redis
- name: github.com/go-kit/kit
  version: 9f5c614cd1e70102f80b644edbc760805ebf16d5
  vcs: git
  subpackages:
  - endpoint
  - log
  - metrics
  - metrics/prometheus
  - transport/http
- name: github.com/go-logfmt/logfmt
  version: d4327190ff838312623b09bfeb50d7c93c8d9c1d
- name: github.com/go-stack/stack
  version: 100eb0c0a9c5b306ca2fb4f165df21d80ada4b82
- name: github.com/golang/protobuf
  version: c3cefd437628a0b7d31b34fe44b3a7a540e98527
  subpackages:
  - proto
- name: github.com/gorilla/context
  version: 08b5f424b9271eedf6f9f0ce86cb9396ed337a42
- name: github.com/gorilla/mux
  version: 0eeaf8392f5b04950925b8a69fe70f110fa7cbfc
- name: github.com/groob/plist
  version: e9ca5cd129407b401d850bc3248338865a7490ae
- name: github.com/jmoiron/sqlx
  version: 5f97679e23f75f42b265fec8d3bdb1c8de90b79d
  subpackages:
  - reflectx
- name: github.com/kr/logfmt
  version: b84e30acd515aadc4b783ad4ff83aff3299bdfe0
- name: github.com/lib/pq
  version: d8eeeb8bae8896dd8e1b7e514ab0d396c4f12a1b
  subpackages:
  - oid
- name: github.com/matttproud/golang_protobuf_extensions
  version: c12348ce28de40eed0136aa2b644d0ee0650e56c
  subpackages:
  - pbutil
- name: github.com/micromdm/dep
  version: 38c81b11544f31c2be14e0b3bcfa12f656fcc709
- name: github.com/micromdm/mdm
  version: 6e0586cca72594720a1c7c48214661a87c73bd17
- name: github.com/micromdm/scep
  version: 864b3e4b501f53b4897bdbde36e4960ba04f8bcf
  subpackages:
  - depot
  - depot/bolt
  - server
- name: github.com/pkg/errors
  version: 645ef00459ed84a119197bfb8d8205042c6df63d
- name: github.com/prometheus/client_golang
  version: c5b7fccd204277076155f10851dad72b76a49317
  subpackages:
  - prometheus
- name: github.com/prometheus/client_model
  version: fa8ad6fec33561be4280a8f0514318c79d7f6cb6
  subpackages:
  - go
- name: github.com/prometheus/common
  version: 9a94032291f2192936512bab367bc45e77990d6a
  subpackages:
  - expfmt
  - internal/bitbucket.org/ww/goautoneg
  - model
- name: github.com/prometheus/procfs
  version: abf152e5f3e97f2fafac028d2cc06c1feb87ffa5
- name: github.com/RobotsAndPencils/buford
  version: 2861f2a5612806afe88232539f5e4255d39ae544
  subpackages:
  - certificate
  - payload
  - payload/badge
  - push
- name: github.com/rs/cors
  version: a62a804a8a009876ca59105f7899938a1349f4b3
- name: github.com/rs/xhandler
  version: ed27b6fd65218132ee50cd95f38474a3d8a2cd12
- name: github.com/satori/go.uuid
  version: b061729afc07e77a8aa4fad0a2fd840958f1942a
- name: golang.org/x/crypto
  version: a548aac93ed489257b9d959b40fe1e8c1e20778c
  subpackages:
  - pkcs12
  - pkcs12/internal/rc2
- name: golang.org/x/net
  version: 07b51741c1d6423d4a6abab1c49940ec09cb1aaf
  subpackages:
  - context
  - context/ctxhttp
  - http2
  - http2/hpack
  - lex/httplex
testImports:
- name: gopkg.in/DATA-DOG/go-sqlmock.v1
  version: d4cd2ca2ad1cc2130bba385aab072218f131f636
